
Microsoft Visual Studio Solution File, Format Version 12.00
# Visual Studio Version 17
VisualStudioVersion = 17.6.33815.320
MinimumVisualStudioVersion = 10.0.40219.1
Project("{FAE04EC0-301F-11D3-BF4B-00C04F79EFBC}") = "CarRacing", "CarRacing\CarRacing.csproj", "{FF6B3D72-8D56-403A-AB2B-564B7E8A5DBA}"
EndProject
Global
	GlobalSection(SolutionConfigurationPlatforms) = preSolution
		Debug|Any CPU = Debug|Any CPU
		Release|Any CPU = Release|Any CPU
	EndGlobalSection
	GlobalSection(ProjectConfigurationPlatforms) = postSolution
		{FF6B3D72-8D56-403A-AB2B-564B7E8A5DBA}.Debug|Any CPU.ActiveCfg = Debug|Any CPU
		{FF6B3D72-8D56-403A-AB2B-564B7E8A5DBA}.Debug|Any CPU.Build.0 = Debug|Any CPU
		{FF6B3D72-8D56-403A-AB2B-564B7E8A5DBA}.Release|Any CPU.ActiveCfg = Release|Any CPU
		{FF6B3D72-8D56-403A-AB2B-564B7E8A5DBA}.Release|Any CPU.Build.0 = Release|Any CPU
	EndGlobalSection
	GlobalSection(SolutionProperties) = preSolution
		HideSolutionNode = FALSE
	EndGlobalSection
	GlobalSection(ExtensibilityGlobals) = postSolution
		SolutionGuid = {BBEB898A-CC25-479E-916D-21FF608E7FD6}
	EndGlobalSection
EndGlobal
